
Microsoft Visual Studio Solution File, Format Version 12.00
# Visual Studio Version 17
VisualStudioVersion = 17.0.31903.59
MinimumVisualStudioVersion = 10.0.40219.1
Project("{FAE04EC0-301F-11D3-BF4B-00C04F79EFBC}") = "Moveo.API", "Moveo.API\Moveo.API.csproj", "{2E747D57-5C98-4859-90FF-5C7A0327A192}"
EndProject
Project("{FAE04EC0-301F-11D3-BF4B-00C04F79EFBC}") = "Moveo.Negocio", "Moveo.Negocio\Moveo.Negocio.csproj", "{3A608BB0-B061-4D72-980B-5523892C44FC}"
EndProject
Project("{FAE04EC0-301F-11D3-BF4B-00C04F79EFBC}") = "Moveo.AccesoDatos", "Moveo.AccesoDatos\Moveo.AccesoDatos.csproj", "{A5399347-2BFE-4D45-88F6-C57C3E4844E1}"
EndProject
Project("{FAE04EC0-301F-11D3-BF4B-00C04F79EFBC}") = "Moveo.Modelos", "Moveo.Modelos\Moveo.Modelos.csproj", "{628F2575-E757-483F-9B97-AFA4F9B3C808}"
EndProject
Project("{FAE04EC0-301F-11D3-BF4B-00C04F79EFBC}") = "Moveo.Tests", "Moveo.Tests\Moveo.Tests.csproj", "{3185B24C-2237-493C-8DDD-8364150F4F30}"
EndProject
Global
	GlobalSection(SolutionConfigurationPlatforms) = preSolution
		Debug|Any CPU = Debug|Any CPU
		Debug|x64 = Debug|x64
		Debug|x86 = Debug|x86
		Release|Any CPU = Release|Any CPU
		Release|x64 = Release|x64
		Release|x86 = Release|x86
	EndGlobalSection
	GlobalSection(ProjectConfigurationPlatforms) = postSolution
		{2E747D57-5C98-4859-90FF-5C7A0327A192}.Debug|Any CPU.ActiveCfg = Debug|Any CPU
		{2E747D57-5C98-4859-90FF-5C7A0327A192}.Debug|Any CPU.Build.0 = Debug|Any CPU
		{2E747D57-5C98-4859-90FF-5C7A0327A192}.Debug|x64.ActiveCfg = Debug|Any CPU
		{2E747D57-5C98-4859-90FF-5C7A0327A192}.Debug|x64.Build.0 = Debug|Any CPU
		{2E747D57-5C98-4859-90FF-5C7A0327A192}.Debug|x86.ActiveCfg = Debug|Any CPU
		{2E747D57-5C98-4859-90FF-5C7A0327A192}.Debug|x86.Build.0 = Debug|Any CPU
		{2E747D57-5C98-4859-90FF-5C7A0327A192}.Release|Any CPU.ActiveCfg = Release|Any CPU
		{2E747D57-5C98-4859-90FF-5C7A0327A192}.Release|Any CPU.Build.0 = Release|Any CPU
		{2E747D57-5C98-4859-90FF-5C7A0327A192}.Release|x64.ActiveCfg = Release|Any CPU
		{2E747D57-5C98-4859-90FF-5C7A0327A192}.Release|x64.Build.0 = Release|Any CPU
		{2E747D57-5C98-4859-90FF-5C7A0327A192}.Release|x86.ActiveCfg = Release|Any CPU
		{2E747D57-5C98-4859-90FF-5C7A0327A192}.Release|x86.Build.0 = Release|Any CPU
		{3A608BB0-B061-4D72-980B-5523892C44FC}.Debug|Any CPU.ActiveCfg = Debug|Any CPU
		{3A608BB0-B061-4D72-980B-5523892C44FC}.Debug|Any CPU.Build.0 = Debug|Any CPU
		{3A608BB0-B061-4D72-980B-5523892C44FC}.Debug|x64.ActiveCfg = Debug|Any CPU
		{3A608BB0-B061-4D72-980B-5523892C44FC}.Debug|x64.Build.0 = Debug|Any CPU
		{3A608BB0-B061-4D72-980B-5523892C44FC}.Debug|x86.ActiveCfg = Debug|Any CPU
		{3A608BB0-B061-4D72-980B-5523892C44FC}.Debug|x86.Build.0 = Debug|Any CPU
		{3A608BB0-B061-4D72-980B-5523892C44FC}.Release|Any CPU.ActiveCfg = Release|Any CPU
		{3A608BB0-B061-4D72-980B-5523892C44FC}.Release|Any CPU.Build.0 = Release|Any CPU
		{3A608BB0-B061-4D72-980B-5523892C44FC}.Release|x64.ActiveCfg = Release|Any CPU
		{3A608BB0-B061-4D72-980B-5523892C44FC}.Release|x64.Build.0 = Release|Any CPU
		{3A608BB0-B061-4D72-980B-5523892C44FC}.Release|x86.ActiveCfg = Release|Any CPU
		{3A608BB0-B061-4D72-980B-5523892C44FC}.Release|x86.Build.0 = Release|Any CPU
		{A5399347-2BFE-4D45-88F6-C57C3E4844E1}.Debug|Any CPU.ActiveCfg = Debug|Any CPU
		{A5399347-2BFE-4D45-88F6-C57C3E4844E1}.Debug|Any CPU.Build.0 = Debug|Any CPU
		{A5399347-2BFE-4D45-88F6-C57C3E4844E1}.Debug|x64.ActiveCfg = Debug|Any CPU
		{A5399347-2BFE-4D45-88F6-C57C3E4844E1}.Debug|x64.Build.0 = Debug|Any CPU
		{A5399347-2BFE-4D45-88F6-C57C3E4844E1}.Debug|x86.ActiveCfg = Debug|Any CPU
		{A5399347-2BFE-4D45-88F6-C57C3E4844E1}.Debug|x86.Build.0 = Debug|Any CPU
		{A5399347-2BFE-4D45-88F6-C57C3E4844E1}.Release|Any CPU.ActiveCfg = Release|Any CPU
		{A5399347-2BFE-4D45-88F6-C57C3E4844E1}.Release|Any CPU.Build.0 = Release|Any CPU
		{A5399347-2BFE-4D45-88F6-C57C3E4844E1}.Release|x64.ActiveCfg = Release|Any CPU
		{A5399347-2BFE-4D45-88F6-C57C3E4844E1}.Release|x64.Build.0 = Release|Any CPU
		{A5399347-2BFE-4D45-88F6-C57C3E4844E1}.Release|x86.ActiveCfg = Release|Any CPU
		{A5399347-2BFE-4D45-88F6-C57C3E4844E1}.Release|x86.Build.0 = Release|Any CPU
		{628F2575-E757-483F-9B97-AFA4F9B3C808}.Debug|Any CPU.ActiveCfg = Debug|Any CPU
		{628F2575-E757-483F-9B97-AFA4F9B3C808}.Debug|Any CPU.Build.0 = Debug|Any CPU
		{628F2575-E757-483F-9B97-AFA4F9B3C808}.Debug|x64.ActiveCfg = Debug|Any CPU
		{628F2575-E757-483F-9B97-AFA4F9B3C808}.Debug|x64.Build.0 = Debug|Any CPU
		{628F2575-E757-483F-9B97-AFA4F9B3C808}.Debug|x86.ActiveCfg = Debug|Any CPU
		{628F2575-E757-483F-9B97-AFA4F9B3C808}.Debug|x86.Build.0 = Debug|Any CPU
		{628F2575-E757-483F-9B97-AFA4F9B3C808}.Release|Any CPU.ActiveCfg = Release|Any CPU
		{628F2575-E757-483F-9B97-AFA4F9B3C808}.Release|Any CPU.Build.0 = Release|Any CPU
		{628F2575-E757-483F-9B97-AFA4F9B3C808}.Release|x64.ActiveCfg = Release|Any CPU
		{628F2575-E757-483F-9B97-AFA4F9B3C808}.Release|x64.Build.0 = Release|Any CPU
		{628F2575-E757-483F-9B97-AFA4F9B3C808}.Release|x86.ActiveCfg = Release|Any CPU
		{628F2575-E757-483F-9B97-AFA4F9B3C808}.Release|x86.Build.0 = Release|Any CPU
		{3185B24C-2237-493C-8DDD-8364150F4F30}.Debug|Any CPU.ActiveCfg = Debug|Any CPU
		{3185B24C-2237-493C-8DDD-8364150F4F30}.Debug|Any CPU.Build.0 = Debug|Any CPU
		{3185B24C-2237-493C-8DDD-8364150F4F30}.Debug|x64.ActiveCfg = Debug|Any CPU
		{3185B24C-2237-493C-8DDD-8364150F4F30}.Debug|x64.Build.0 = Debug|Any CPU
		{3185B24C-2237-493C-8DDD-8364150F4F30}.Debug|x86.ActiveCfg = Debug|Any CPU
		{3185B24C-2237-493C-8DDD-8364150F4F30}.Debug|x86.Build.0 = Debug|Any CPU
		{3185B24C-2237-493C-8DDD-8364150F4F30}.Release|Any CPU.ActiveCfg = Release|Any CPU
		{3185B24C-2237-493C-8DDD-8364150F4F30}.Release|Any CPU.Build.0 = Release|Any CPU
		{3185B24C-2237-493C-8DDD-8364150F4F30}.Release|x64.ActiveCfg = Release|Any CPU
		{3185B24C-2237-493C-8DDD-8364150F4F30}.Release|x64.Build.0 = Release|Any CPU
		{3185B24C-2237-493C-8DDD-8364150F4F30}.Release|x86.ActiveCfg = Release|Any CPU
		{3185B24C-2237-493C-8DDD-8364150F4F30}.Release|x86.Build.0 = Release|Any CPU
	EndGlobalSection
	GlobalSection(SolutionProperties) = preSolution
		HideSolutionNode = FALSE
	EndGlobalSection
EndGlobal
